
Microsoft Visual Studio Solution File, Format Version 12.00
# Visual Studio Version 16
VisualStudioVersion = 16.0.29509.3
MinimumVisualStudioVersion = 10.0.40219.1
Project("{FAE04EC0-301F-11D3-BF4B-00C04F79EFBC}") = "SalesWebMvc", "SalesWebMvc\SalesWebMvc.csproj", "{D974082A-47A9-495D-B583-C77C84CA163C}"
EndProject
Global
	GlobalSection(SolutionConfigurationPlatforms) = preSolution
		Debug|Any CPU = Debug|Any CPU
		Release|Any CPU = Release|Any CPU
	EndGlobalSection
	GlobalSection(ProjectConfigurationPlatforms) = postSolution
		{D974082A-47A9-495D-B583-C77C84CA163C}.Debug|Any CPU.ActiveCfg = Debug|Any CPU
		{D974082A-47A9-495D-B583-C77C84CA163C}.Debug|Any CPU.Build.0 = Debug|Any CPU
		{D974082A-47A9-495D-B583-C77C84CA163C}.Release|Any CPU.ActiveCfg = Release|Any CPU
		{D974082A-47A9-495D-B583-C77C84CA163C}.Release|Any CPU.Build.0 = Release|Any CPU
	EndGlobalSection
	GlobalSection(SolutionProperties) = preSolution
		HideSolutionNode = FALSE
	EndGlobalSection
	GlobalSection(ExtensibilityGlobals) = postSolution
		SolutionGuid = {DEB9626F-5951-4F53-A264-F53970A51D19}
	EndGlobalSection
EndGlobal
